
Microsoft Visual Studio Solution File, Format Version 12.00
# Visual Studio Version 17
VisualStudioVersion = 17.6.33712.159
MinimumVisualStudioVersion = 10.0.40219.1
Project("{FAE04EC0-301F-11D3-BF4B-00C04F79EFBC}") = "SampleMethods", "SampleMethods\SampleMethods.csproj", "{233AAC8E-A97B-4C83-8D7F-D950BFAF4744}"
EndProject
Global
	GlobalSection(SolutionConfigurationPlatforms) = preSolution
		Debug|Any CPU = Debug|Any CPU
		Release|Any CPU = Release|Any CPU
	EndGlobalSection
	GlobalSection(ProjectConfigurationPlatforms) = postSolution
		{233AAC8E-A97B-4C83-8D7F-D950BFAF4744}.Debug|Any CPU.ActiveCfg = Debug|Any CPU
		{233AAC8E-A97B-4C83-8D7F-D950BFAF4744}.Debug|Any CPU.Build.0 = Debug|Any CPU
		{233AAC8E-A97B-4C83-8D7F-D950BFAF4744}.Release|Any CPU.ActiveCfg = Release|Any CPU
		{233AAC8E-A97B-4C83-8D7F-D950BFAF4744}.Release|Any CPU.Build.0 = Release|Any CPU
	EndGlobalSection
	GlobalSection(SolutionProperties) = preSolution
		HideSolutionNode = FALSE
	EndGlobalSection
	GlobalSection(ExtensibilityGlobals) = postSolution
		SolutionGuid = {2ADE384F-14F0-4B70-B659-E146F4C36801}
	EndGlobalSection
EndGlobal
